
Microsoft Visual Studio Solution File, Format Version 12.00
# Visual Studio 15
VisualStudioVersion = 15.0.27703.2047
MinimumVisualStudioVersion = 10.0.40219.1
Project("{FAE04EC0-301F-11D3-BF4B-00C04F79EFBC}") = "RegForm", "RegForm\RegForm.csproj", "{F7593E04-FA2B-4E2E-88F4-D8E8BE1B9352}"
EndProject
Project("{FAE04EC0-301F-11D3-BF4B-00C04F79EFBC}") = "RegForm.Tests", "RegForm.Tests\RegForm.Tests.csproj", "{9F364746-E317-4C50-9D95-F16ECECBB291}"
EndProject
Global
	GlobalSection(SolutionConfigurationPlatforms) = preSolution
		Debug|Any CPU = Debug|Any CPU
		Release|Any CPU = Release|Any CPU
	EndGlobalSection
	GlobalSection(ProjectConfigurationPlatforms) = postSolution
		{F7593E04-FA2B-4E2E-88F4-D8E8BE1B9352}.Debug|Any CPU.ActiveCfg = Debug|Any CPU
		{F7593E04-FA2B-4E2E-88F4-D8E8BE1B9352}.Debug|Any CPU.Build.0 = Debug|Any CPU
		{F7593E04-FA2B-4E2E-88F4-D8E8BE1B9352}.Release|Any CPU.ActiveCfg = Release|Any CPU
		{F7593E04-FA2B-4E2E-88F4-D8E8BE1B9352}.Release|Any CPU.Build.0 = Release|Any CPU
		{9F364746-E317-4C50-9D95-F16ECECBB291}.Debug|Any CPU.ActiveCfg = Debug|Any CPU
		{9F364746-E317-4C50-9D95-F16ECECBB291}.Debug|Any CPU.Build.0 = Debug|Any CPU
		{9F364746-E317-4C50-9D95-F16ECECBB291}.Release|Any CPU.ActiveCfg = Release|Any CPU
		{9F364746-E317-4C50-9D95-F16ECECBB291}.Release|Any CPU.Build.0 = Release|Any CPU
	EndGlobalSection
	GlobalSection(SolutionProperties) = preSolution
		HideSolutionNode = FALSE
	EndGlobalSection
	GlobalSection(ExtensibilityGlobals) = postSolution
		SolutionGuid = {6AE29DFC-3A06-439B-8649-B5CB777FFAAA}
	EndGlobalSection
EndGlobal
